// !$*UTF8*$!
{
	archiveVersion = 1;
	classes = {
	};
	objectVersion = 48;
	objects = {

/* Begin PBXBuildFile section */
		D703F7091FBE135900257467 /* OnTheMapConstants.swift in Sources */ = {isa = PBXBuildFile; fileRef = D703F7081FBE135900257467 /* OnTheMapConstants.swift */; };
		D703F70B1FBE139800257467 /* OnTheMapClient.swift in Sources */ = {isa = PBXBuildFile; fileRef = D703F70A1FBE139800257467 /* OnTheMapClient.swift */; };
		D740B5FF1FCDF1BE00A228EF /* Extensions.swift in Sources */ = {isa = PBXBuildFile; fileRef = D740B5FE1FCDF1BE00A228EF /* Extensions.swift */; };
		D740B6011FCE035400A228EF /* Reach.swift in Sources */ = {isa = PBXBuildFile; fileRef = D740B6001FCE035400A228EF /* Reach.swift */; };
		D790A3E01FBB1D3F004D4DF3 /* MapViewController.swift in Sources */ = {isa = PBXBuildFile; fileRef = D790A3DF1FBB1D3F004D4DF3 /* MapViewController.swift */; };
		D790A3E21FBB1DA9004D4DF3 /* ListTableViewController.swift in Sources */ = {isa = PBXBuildFile; fileRef = D790A3E11FBB1DA9004D4DF3 /* ListTableViewController.swift */; };
		D790A3E41FBB6913004D4DF3 /* TabbedViewController.swift in Sources */ = {isa = PBXBuildFile; fileRef = D790A3E31FBB6913004D4DF3 /* TabbedViewController.swift */; };
		D790A3E61FBB6A67004D4DF3 /* AddLocationViewController.swift in Sources */ = {isa = PBXBuildFile; fileRef = D790A3E51FBB6A67004D4DF3 /* AddLocationViewController.swift */; };
		D7A6D2611FD57C8D00B88565 /* LocationConfirmationViewController.swift in Sources */ = {isa = PBXBuildFile; fileRef = D7A6D2601FD57C8D00B88565 /* LocationConfirmationViewController.swift */; };
		D7D1850D1FBA1E7E00B59497 /* AppDelegate.swift in Sources */ = {isa = PBXBuildFile; fileRef = D7D1850C1FBA1E7E00B59497 /* AppDelegate.swift */; };
		D7D185141FBA1E7E00B59497 /* Main.storyboard in Resources */ = {isa = PBXBuildFile; fileRef = D7D185121FBA1E7E00B59497 /* Main.storyboard */; };
		D7D185161FBA1E7E00B59497 /* Assets.xcassets in Resources */ = {isa = PBXBuildFile; fileRef = D7D185151FBA1E7E00B59497 /* Assets.xcassets */; };
		D7D185191FBA1E7E00B59497 /* LaunchScreen.storyboard in Resources */ = {isa = PBXBuildFile; fileRef = D7D185171FBA1E7E00B59497 /* LaunchScreen.storyboard */; };
		D7D185221FBA1EBF00B59497 /* MapKit.framework in Frameworks */ = {isa = PBXBuildFile; fileRef = D7D185211FBA1EBF00B59497 /* MapKit.framework */; };
		D7D185241FBA1FDF00B59497 /* LoginViewController.swift in Sources */ = {isa = PBXBuildFile; fileRef = D7D185231FBA1FDF00B59497 /* LoginViewController.swift */; };
		D7D185261FBA56BA00B59497 /* DataStructures.swift in Sources */ = {isa = PBXBuildFile; fileRef = D7D185251FBA56BA00B59497 /* DataStructures.swift */; };
/* End PBXBuildFile section */

/* Begin PBXFileReference section */
		D703F7081FBE135900257467 /* OnTheMapConstants.swift */ = {isa = PBXFileReference; lastKnownFileType = sourcecode.swift; path = OnTheMapConstants.swift; sourceTree = "<group>"; };
		D703F70A1FBE139800257467 /* OnTheMapClient.swift */ = {isa = PBXFileReference; lastKnownFileType = sourcecode.swift; path = OnTheMapClient.swift; sourceTree = "<group>"; };
		D740B5FE1FCDF1BE00A228EF /* Extensions.swift */ = {isa = PBXFileReference; lastKnownFileType = sourcecode.swift; path = Extensions.swift; sourceTree = "<group>"; };
		D740B6001FCE035400A228EF /* Reach.swift */ = {isa = PBXFileReference; lastKnownFileType = sourcecode.swift; path = Reach.swift; sourceTree = "<group>"; };
		D790A3DF1FBB1D3F004D4DF3 /* MapViewController.swift */ = {isa = PBXFileReference; lastKnownFileType = sourcecode.swift; path = MapViewController.swift; sourceTree = "<group>"; };
		D790A3E11FBB1DA9004D4DF3 /* ListTableViewController.swift */ = {isa = PBXFileReference; lastKnownFileType = sourcecode.swift; path = ListTableViewController.swift; sourceTree = "<group>"; };
		D790A3E31FBB6913004D4DF3 /* TabbedViewController.swift */ = {isa = PBXFileReference; lastKnownFileType = sourcecode.swift; path = TabbedViewController.swift; sourceTree = "<group>"; };
		D790A3E51FBB6A67004D4DF3 /* AddLocationViewController.swift */ = {isa = PBXFileReference; lastKnownFileType = sourcecode.swift; path = AddLocationViewController.swift; sourceTree = "<group>"; };
		D7A6D2601FD57C8D00B88565 /* LocationConfirmationViewController.swift */ = {isa = PBXFileReference; lastKnownFileType = sourcecode.swift; path = LocationConfirmationViewController.swift; sourceTree = "<group>"; };
		D7D185091FBA1E7E00B59497 /* OnTheMap.app */ = {isa = PBXFileReference; explicitFileType = wrapper.application; includeInIndex = 0; path = OnTheMap.app; sourceTree = BUILT_PRODUCTS_DIR; };
		D7D1850C1FBA1E7E00B59497 /* AppDelegate.swift */ = {isa = PBXFileReference; lastKnownFileType = sourcecode.swift; path = AppDelegate.swift; sourceTree = "<group>"; };
		D7D185131FBA1E7E00B59497 /* Base */ = {isa = PBXFileReference; lastKnownFileType = file.storyboard; name = Base; path = Base.lproj/Main.storyboard; sourceTree = "<group>"; };
		D7D185151FBA1E7E00B59497 /* Assets.xcassets */ = {isa = PBXFileReference; lastKnownFileType = folder.assetcatalog; path = Assets.xcassets; sourceTree = "<group>"; };
		D7D185181FBA1E7E00B59497 /* Base */ = {isa = PBXFileReference; lastKnownFileType = file.storyboard; name = Base; path = Base.lproj/LaunchScreen.storyboard; sourceTree = "<group>"; };
		D7D1851A1FBA1E7E00B59497 /* Info.plist */ = {isa = PBXFileReference; lastKnownFileType = text.plist.xml; path = Info.plist; sourceTree = "<group>"; };
		D7D185211FBA1EBF00B59497 /* MapKit.framework */ = {isa = PBXFileReference; lastKnownFileType = wrapper.framework; name = MapKit.framework; path = System/Library/Frameworks/MapKit.framework; sourceTree = SDKROOT; };
		D7D185231FBA1FDF00B59497 /* LoginViewController.swift */ = {isa = PBXFileReference; lastKnownFileType = sourcecode.swift; path = LoginViewController.swift; sourceTree = "<group>"; };
		D7D185251FBA56BA00B59497 /* DataStructures.swift */ = {isa = PBXFileReference; lastKnownFileType = sourcecode.swift; path = DataStructures.swift; sourceTree = "<group>"; };
/* End PBXFileReference section */

/* Begin PBXFrameworksBuildPhase section */
		D7D185061FBA1E7E00B59497 /* Frameworks */ = {
			isa = PBXFrameworksBuildPhase;
			buildActionMask = 2147483647;
			files = (
				D7D185221FBA1EBF00B59497 /* MapKit.framework in Frameworks */,
			);
			runOnlyForDeploymentPostprocessing = 0;
		};
/* End PBXFrameworksBuildPhase section */

/* Begin PBXGroup section */
		D7D185001FBA1E7E00B59497 = {
			isa = PBXGroup;
			children = (
				D7D1850B1FBA1E7E00B59497 /* OnTheMap */,
				D7D1850A1FBA1E7E00B59497 /* Products */,
				D7D185201FBA1EBF00B59497 /* Frameworks */,
			);
			sourceTree = "<group>";
		};
		D7D1850A1FBA1E7E00B59497 /* Products */ = {
			isa = PBXGroup;
			children = (
				D7D185091FBA1E7E00B59497 /* OnTheMap.app */,
			);
			name = Products;
			sourceTree = "<group>";
		};
		D7D1850B1FBA1E7E00B59497 /* OnTheMap */ = {
			isa = PBXGroup;
			children = (
				D7D1850C1FBA1E7E00B59497 /* AppDelegate.swift */,
				D7D185121FBA1E7E00B59497 /* Main.storyboard */,
				D7D185151FBA1E7E00B59497 /* Assets.xcassets */,
				D7D185171FBA1E7E00B59497 /* LaunchScreen.storyboard */,
				D7D1851A1FBA1E7E00B59497 /* Info.plist */,
				D7D185231FBA1FDF00B59497 /* LoginViewController.swift */,
				D7D185251FBA56BA00B59497 /* DataStructures.swift */,
				D790A3DF1FBB1D3F004D4DF3 /* MapViewController.swift */,
				D790A3E11FBB1DA9004D4DF3 /* ListTableViewController.swift */,
				D790A3E31FBB6913004D4DF3 /* TabbedViewController.swift */,
				D790A3E51FBB6A67004D4DF3 /* AddLocationViewController.swift */,
				D703F7081FBE135900257467 /* OnTheMapConstants.swift */,
				D703F70A1FBE139800257467 /* OnTheMapClient.swift */,
				D740B5FE1FCDF1BE00A228EF /* Extensions.swift */,
				D740B6001FCE035400A228EF /* Reach.swift */,
				D7A6D2601FD57C8D00B88565 /* LocationConfirmationViewController.swift */,
			);
			path = OnTheMap;
			sourceTree = "<group>";
		};
		D7D185201FBA1EBF00B59497 /* Frameworks */ = {
			isa = PBXGroup;
			children = (
				D7D185211FBA1EBF00B59497 /* MapKit.framework */,
			);
			name = Frameworks;
			sourceTree = "<group>";
		};
/* End PBXGroup section */

/* Begin PBXNativeTarget section */
		D7D185081FBA1E7E00B59497 /* OnTheMap */ = {
			isa = PBXNativeTarget;
			buildConfigurationList = D7D1851D1FBA1E7E00B59497 /* Build configuration list for PBXNativeTarget "OnTheMap" */;
			buildPhases = (
				D7D185051FBA1E7E00B59497 /* Sources */,
				D7D185061FBA1E7E00B59497 /* Frameworks */,
				D7D185071FBA1E7E00B59497 /* Resources */,
			);
			buildRules = (
			);
			dependencies = (
			);
			name = OnTheMap;
			productName = OnTheMap;
			productReference = D7D185091FBA1E7E00B59497 /* OnTheMap.app */;
			productType = "com.apple.product-type.application";
		};
/* End PBXNativeTarget section */

/* Begin PBXProject section */
		D7D185011FBA1E7E00B59497 /* Project object */ = {
			isa = PBXProject;
			attributes = {
				LastSwiftUpdateCheck = 0910;
				LastUpgradeCheck = 0910;
				ORGANIZATIONNAME = Jacko1972;
				TargetAttributes = {
					D7D185081FBA1E7E00B59497 = {
						CreatedOnToolsVersion = 9.1;
						ProvisioningStyle = Automatic;
						SystemCapabilities = {
							com.apple.Maps.iOS = {
								enabled = 1;
							};
						};
					};
				};
			};
			buildConfigurationList = D7D185041FBA1E7E00B59497 /* Build configuration list for PBXProject "OnTheMap" */;
			compatibilityVersion = "Xcode 8.0";
			developmentRegion = en;
			hasScannedForEncodings = 0;
			knownRegions = (
				en,
				Base,
			);
			mainGroup = D7D185001FBA1E7E00B59497;
			productRefGroup = D7D1850A1FBA1E7E00B59497 /* Products */;
			projectDirPath = "";
			projectRoot = "";
			targets = (
				D7D185081FBA1E7E00B59497 /* OnTheMap */,
			);
		};
/* End PBXProject section */

/* Begin PBXResourcesBuildPhase section */
		D7D185071FBA1E7E00B59497 /* Resources */ = {
			isa = PBXResourcesBuildPhase;
			buildActionMask = 2147483647;
			files = (
				D7D185191FBA1E7E00B59497 /* LaunchScreen.storyboard in Resources */,
				D7D185161FBA1E7E00B59497 /* Assets.xcassets in Resources */,
				D7D185141FBA1E7E00B59497 /* Main.storyboard in Resources */,
			);
			runOnlyForDeploymentPostprocessing = 0;
		};
/* End PBXResourcesBuildPhase section */

/* Begin PBXSourcesBuildPhase section */
		D7D185051FBA1E7E00B59497 /* Sources */ = {
			isa = PBXSourcesBuildPhase;
			buildActionMask = 2147483647;
			files = (
				D7A6D2611FD57C8D00B88565 /* LocationConfirmationViewController.swift in Sources */,
				D7D185241FBA1FDF00B59497 /* LoginViewController.swift in Sources */,
				D7D1850D1FBA1E7E00B59497 /* AppDelegate.swift in Sources */,
				D790A3E41FBB6913004D4DF3 /* TabbedViewController.swift in Sources */,
				D703F70B1FBE139800257467 /* OnTheMapClient.swift in Sources */,
				D703F7091FBE135900257467 /* OnTheMapConstants.swift in Sources */,
				D740B5FF1FCDF1BE00A228EF /* Extensions.swift in Sources */,
				D790A3E61FBB6A67004D4DF3 /* AddLocationViewController.swift in Sources */,
				D7D185261FBA56BA00B59497 /* DataStructures.swift in Sources */,
				D790A3E21FBB1DA9004D4DF3 /* ListTableViewController.swift in Sources */,
				D740B6011FCE035400A228EF /* Reach.swift in Sources */,
				D790A3E01FBB1D3F004D4DF3 /* MapViewController.swift in Sources */,
			);
			runOnlyForDeploymentPostprocessing = 0;
		};
/* End PBXSourcesBuildPhase section */

/* Begin PBXVariantGroup section */
		D7D185121FBA1E7E00B59497 /* Main.storyboard */ = {
			isa = PBXVariantGroup;
			children = (
				D7D185131FBA1E7E00B59497 /* Base */,
			);
			name = Main.storyboard;
			sourceTree = "<group>";
		};
		D7D185171FBA1E7E00B59497 /* LaunchScreen.storyboard */ = {
			isa = PBXVariantGroup;
			children = (
				D7D185181FBA1E7E00B59497 /* Base */,
			);
			name = LaunchScreen.storyboard;
			sourceTree = "<group>";
		};
/* End PBXVariantGroup section */

/* Begin XCBuildConfiguration section */
		D7D1851B1FBA1E7E00B59497 /* Debug */ = {
			isa = XCBuildConfiguration;
			buildSettings = {
				ALWAYS_SEARCH_USER_PATHS = NO;
				CLANG_ANALYZER_NONNULL = YES;
				CLANG_ANALYZER_NUMBER_OBJECT_CONVERSION = YES_AGGRESSIVE;
				CLANG_CXX_LANGUAGE_STANDARD = "gnu++14";
				CLANG_CXX_LIBRARY = "libc++";
				CLANG_ENABLE_MODULES = YES;
				CLANG_ENABLE_OBJC_ARC = YES;
				CLANG_WARN_BLOCK_CAPTURE_AUTORELEASING = YES;
				CLANG_WARN_BOOL_CONVERSION = YES;
				CLANG_WARN_COMMA = YES;
				CLANG_WARN_CONSTANT_CONVERSION = YES;
				CLANG_WARN_DIRECT_OBJC_ISA_USAGE = YES_ERROR;
				CLANG_WARN_DOCUMENTATION_COMMENTS = YES;
				CLANG_WARN_EMPTY_BODY = YES;
				CLANG_WARN_ENUM_CONVERSION = YES;
				CLANG_WARN_INFINITE_RECURSION = YES;
				CLANG_WARN_INT_CONVERSION = YES;
				CLANG_WARN_NON_LITERAL_NULL_CONVERSION = YES;
				CLANG_WARN_OBJC_LITERAL_CONVERSION = YES;
				CLANG_WARN_OBJC_ROOT_CLASS = YES_ERROR;
				CLANG_WARN_RANGE_LOOP_ANALYSIS = YES;
				CLANG_WARN_STRICT_PROTOTYPES = YES;
				CLANG_WARN_SUSPICIOUS_MOVE = YES;
				CLANG_WARN_UNGUARDED_AVAILABILITY = YES_AGGRESSIVE;
				CLANG_WARN_UNREACHABLE_CODE = YES;
				CLANG_WARN__DUPLICATE_METHOD_MATCH = YES;
				CODE_SIGN_IDENTITY = "iPhone Developer";
				COPY_PHASE_STRIP = NO;
				DEBUG_INFORMATION_FORMAT = dwarf;
				ENABLE_STRICT_OBJC_MSGSEND = YES;
				ENABLE_TESTABILITY = YES;
				GCC_C_LANGUAGE_STANDARD = gnu11;
				GCC_DYNAMIC_NO_PIC = NO;
				GCC_NO_COMMON_BLOCKS = YES;
				GCC_OPTIMIZATION_LEVEL = 0;
				GCC_PREPROCESSOR_DEFINITIONS = (
					"DEBUG=1",
					"$(inherited)",
				);
				GCC_WARN_64_TO_32_BIT_CONVERSION = YES;
				GCC_WARN_ABOUT_RETURN_TYPE = YES_ERROR;
				GCC_WARN_UNDECLARED_SELECTOR = YES;
				GCC_WARN_UNINITIALIZED_AUTOS = YES_AGGRESSIVE;
				GCC_WARN_UNUSED_FUNCTION = YES;
				GCC_WARN_UNUSED_VARIABLE = YES;
				IPHONEOS_DEPLOYMENT_TARGET = 11.1;
				MTL_ENABLE_DEBUG_INFO = YES;
				ONLY_ACTIVE_ARCH = YES;
				SDKROOT = iphoneos;
				SWIFT_ACTIVE_COMPILATION_CONDITIONS = DEBUG;
				SWIFT_OPTIMIZATION_LEVEL = "-Onone";
			};
			name = Debug;
		};
		D7D1851C1FBA1E7E00B59497 /* Release */ = {
			isa = XCBuildConfiguration;
			buildSettings = {
				ALWAYS_SEARCH_USER_PATHS = NO;
				CLANG_ANALYZER_NONNULL = YES;
				CLANG_ANALYZER_NUMBER_OBJECT_CONVERSION = YES_AGGRESSIVE;
				CLANG_CXX_LANGUAGE_STANDARD = "gnu++14";
				CLANG_CXX_LIBRARY = "libc++";
				CLANG_ENABLE_MODULES = YES;
				CLANG_ENABLE_OBJC_ARC = YES;
				CLANG_WARN_BLOCK_CAPTURE_AUTORELEASING = YES;
				CLANG_WARN_BOOL_CONVERSION = YES;
				CLANG_WARN_COMMA = YES;
				CLANG_WARN_CONSTANT_CONVERSION = YES;
				CLANG_WARN_DIRECT_OBJC_ISA_USAGE = YES_ERROR;
				CLANG_WARN_DOCUMENTATION_COMMENTS = YES;
				CLANG_WARN_EMPTY_BODY = YES;
				CLANG_WARN_ENUM_CONVERSION = YES;
				CLANG_WARN_INFINITE_RECURSION = YES;
				CLANG_WARN_INT_CONVERSION = YES;
				CLANG_WARN_NON_LITERAL_NULL_CONVERSION = YES;
				CLANG_WARN_OBJC_LITERAL_CONVERSION = YES;
				CLANG_WARN_OBJC_ROOT_CLASS = YES_ERROR;
				CLANG_WARN_RANGE_LOOP_ANALYSIS = YES;
				CLANG_WARN_STRICT_PROTOTYPES = YES;
				CLANG_WARN_SUSPICIOUS_MOVE = YES;
				CLANG_WARN_UNGUARDED_AVAILABILITY = YES_AGGRESSIVE;
				CLANG_WARN_UNREACHABLE_CODE = YES;
				CLANG_WARN__DUPLICATE_METHOD_MATCH = YES;
				CODE_SIGN_IDENTITY = "iPhone Developer";
				COPY_PHASE_STRIP = NO;
				DEBUG_INFORMATION_FORMAT = "dwarf-with-dsym";
				ENABLE_NS_ASSERTIONS = NO;
				ENABLE_STRICT_OBJC_MSGSEND = YES;
				GCC_C_LANGUAGE_STANDARD = gnu11;
				GCC_NO_COMMON_BLOCKS = YES;
				GCC_WARN_64_TO_32_BIT_CONVERSION = YES;
				GCC_WARN_ABOUT_RETURN_TYPE = YES_ERROR;
				GCC_WARN_UNDECLARED_SELECTOR = YES;
				GCC_WARN_UNINITIALIZED_AUTOS = YES_AGGRESSIVE;
				GCC_WARN_UNUSED_FUNCTION = YES;
				GCC_WARN_UNUSED_VARIABLE = YES;
				IPHONEOS_DEPLOYMENT_TARGET = 11.1;
				MTL_ENABLE_DEBUG_INFO = NO;
				SDKROOT = iphoneos;
				SWIFT_OPTIMIZATION_LEVEL = "-Owholemodule";
				VALIDATE_PRODUCT = YES;
			};
			name = Release;
		};
		D7D1851E1FBA1E7E00B59497 /* Debug */ = {
			isa = XCBuildConfiguration;
			buildSettings = {
				ASSETCATALOG_COMPILER_APPICON_NAME = AppIcon;
				CODE_SIGN_STYLE = Automatic;
				DEVELOPMENT_TEAM = 43UCP6E9J2;
				INFOPLIST_FILE = OnTheMap/Info.plist;
				IPHONEOS_DEPLOYMENT_TARGET = 11.1;
				LD_RUNPATH_SEARCH_PATHS = "$(inherited) @executable_path/Frameworks";
				PRODUCT_BUNDLE_IDENTIFIER = com.jacko1972.OnTheMap;
				PRODUCT_NAME = "$(TARGET_NAME)";
				SWIFT_VERSION = 4.0;
				TARGETED_DEVICE_FAMILY = "1,2";
			};
			name = Debug;
		};
		D7D1851F1FBA1E7E00B59497 /* Release */ = {
			isa = XCBuildConfiguration;
			buildSettings = {
				ASSETCATALOG_COMPILER_APPICON_NAME = AppIcon;
				CODE_SIGN_STYLE = Automatic;
				DEVELOPMENT_TEAM = 43UCP6E9J2;
				INFOPLIST_FILE = OnTheMap/Info.plist;
				IPHONEOS_DEPLOYMENT_TARGET = 11.1;
				LD_RUNPATH_SEARCH_PATHS = "$(inherited) @executable_path/Frameworks";
				PRODUCT_BUNDLE_IDENTIFIER = com.jacko1972.OnTheMap;
				PRODUCT_NAME = "$(TARGET_NAME)";
				SWIFT_VERSION = 4.0;
				TARGETED_DEVICE_FAMILY = "1,2";
			};
			name = Release;
		};
/* End XCBuildConfiguration section */

/* Begin XCConfigurationList section */
		D7D185041FBA1E7E00B59497 /* Build configuration list for PBXProject "OnTheMap" */ = {
			isa = XCConfigurationList;
			buildConfigurations = (
				D7D1851B1FBA1E7E00B59497 /* Debug */,
				D7D1851C1FBA1E7E00B59497 /* Release */,
			);
			defaultConfigurationIsVisible = 0;
			defaultConfigurationName = Release;
		};
		D7D1851D1FBA1E7E00B59497 /* Build configuration list for PBXNativeTarget "OnTheMap" */ = {
			isa = XCConfigurationList;
			buildConfigurations = (
				D7D1851E1FBA1E7E00B59497 /* Debug */,
				D7D1851F1FBA1E7E00B59497 /* Release */,
			);
			defaultConfigurationIsVisible = 0;
			defaultConfigurationName = Release;
		};
/* End XCConfigurationList section */
	};
	rootObject = D7D185011FBA1E7E00B59497 /* Project object */;
}
